
Microsoft Visual Studio Solution File, Format Version 11.00
# Visual Studio 2010
Project("{FAE04EC0-301F-11D3-BF4B-00C04F79EFBC}") = "bowlmaster", "Assembly-CSharp.csproj", "{3E27134D-D64B-BBC6-624D-C145BCB0EA85}"
EndProject
Project("{FAE04EC0-301F-11D3-BF4B-00C04F79EFBC}") = "bowlmaster", "Assembly-CSharp-Editor.csproj", "{6C414476-2B02-006B-41E8-E315C1938B2B}"
EndProject
Global
	GlobalSection(SolutionConfigurationPlatforms) = preSolution
		Debug|Any CPU = Debug|Any CPU
		Release|Any CPU = Release|Any CPU
	EndGlobalSection
	GlobalSection(ProjectConfigurationPlatforms) = postSolution
		{3E27134D-D64B-BBC6-624D-C145BCB0EA85}.Debug|Any CPU.ActiveCfg = Debug|Any CPU
		{3E27134D-D64B-BBC6-624D-C145BCB0EA85}.Debug|Any CPU.Build.0 = Debug|Any CPU
		{3E27134D-D64B-BBC6-624D-C145BCB0EA85}.Release|Any CPU.ActiveCfg = Release|Any CPU
		{3E27134D-D64B-BBC6-624D-C145BCB0EA85}.Release|Any CPU.Build.0 = Release|Any CPU
		{6C414476-2B02-006B-41E8-E315C1938B2B}.Debug|Any CPU.ActiveCfg = Debug|Any CPU
		{6C414476-2B02-006B-41E8-E315C1938B2B}.Debug|Any CPU.Build.0 = Debug|Any CPU
		{6C414476-2B02-006B-41E8-E315C1938B2B}.Release|Any CPU.ActiveCfg = Release|Any CPU
		{6C414476-2B02-006B-41E8-E315C1938B2B}.Release|Any CPU.Build.0 = Release|Any CPU
	EndGlobalSection
	GlobalSection(SolutionProperties) = preSolution
		HideSolutionNode = FALSE
	EndGlobalSection
	GlobalSection(MonoDevelopProperties) = preSolution
		StartupItem = Assembly-CSharp.csproj
	EndGlobalSection
EndGlobal
